
Microsoft Visual Studio Solution File, Format Version 12.00
# Visual Studio Version 17
VisualStudioVersion = 17.3.32922.545
MinimumVisualStudioVersion = 10.0.40219.1
Project("{FAE04EC0-301F-11D3-BF4B-00C04F79EFBC}") = "CheckHash2", "CheckHash2\CheckHash2.csproj", "{96E0CC65-2E26-4309-9641-D15028E78466}"
EndProject
Global
	GlobalSection(SolutionConfigurationPlatforms) = preSolution
		Debug|Any CPU = Debug|Any CPU
		Release|Any CPU = Release|Any CPU
	EndGlobalSection
	GlobalSection(ProjectConfigurationPlatforms) = postSolution
		{96E0CC65-2E26-4309-9641-D15028E78466}.Debug|Any CPU.ActiveCfg = Debug|Any CPU
		{96E0CC65-2E26-4309-9641-D15028E78466}.Debug|Any CPU.Build.0 = Debug|Any CPU
		{96E0CC65-2E26-4309-9641-D15028E78466}.Release|Any CPU.ActiveCfg = Release|Any CPU
		{96E0CC65-2E26-4309-9641-D15028E78466}.Release|Any CPU.Build.0 = Release|Any CPU
	EndGlobalSection
	GlobalSection(SolutionProperties) = preSolution
		HideSolutionNode = FALSE
	EndGlobalSection
	GlobalSection(ExtensibilityGlobals) = postSolution
		SolutionGuid = {0BD99F01-B434-4962-BB76-BCAEC456986A}
	EndGlobalSection
EndGlobal
